// !$*UTF8*$!
{
	archiveVersion = 1;
	classes = {
	};
	objectVersion = 48;
	objects = {

/* Begin PBXBuildFile section */
		2C4ACFB41F9A79F700FFAB59 /* AppDelegate.swift in Sources */ = {isa = PBXBuildFile; fileRef = 2C4ACFB31F9A79F700FFAB59 /* AppDelegate.swift */; };
		2C4ACFB61F9A79F700FFAB59 /* ViewController.swift in Sources */ = {isa = PBXBuildFile; fileRef = 2C4ACFB51F9A79F700FFAB59 /* ViewController.swift */; };
		2C4ACFB91F9A79F700FFAB59 /* Main.storyboard in Resources */ = {isa = PBXBuildFile; fileRef = 2C4ACFB71F9A79F700FFAB59 /* Main.storyboard */; };
		2C4ACFBC1F9A79F700FFAB59 /* RigndesignTest.xcdatamodeld in Sources */ = {isa = PBXBuildFile; fileRef = 2C4ACFBA1F9A79F700FFAB59 /* RigndesignTest.xcdatamodeld */; };
		2C4ACFBE1F9A79F700FFAB59 /* Assets.xcassets in Resources */ = {isa = PBXBuildFile; fileRef = 2C4ACFBD1F9A79F700FFAB59 /* Assets.xcassets */; };
		2C4ACFC11F9A79F700FFAB59 /* LaunchScreen.storyboard in Resources */ = {isa = PBXBuildFile; fileRef = 2C4ACFBF1F9A79F700FFAB59 /* LaunchScreen.storyboard */; };
		2C4ACFCC1F9A79F700FFAB59 /* RigndesignTestTests.swift in Sources */ = {isa = PBXBuildFile; fileRef = 2C4ACFCB1F9A79F700FFAB59 /* RigndesignTestTests.swift */; };
		2C4ACFD71F9A79F700FFAB59 /* RigndesignTestUITests.swift in Sources */ = {isa = PBXBuildFile; fileRef = 2C4ACFD61F9A79F700FFAB59 /* RigndesignTestUITests.swift */; };
/* End PBXBuildFile section */

/* Begin PBXContainerItemProxy section */
		2C4ACFC81F9A79F700FFAB59 /* PBXContainerItemProxy */ = {
			isa = PBXContainerItemProxy;
			containerPortal = 2C4ACFA81F9A79F700FFAB59 /* Project object */;
			proxyType = 1;
			remoteGlobalIDString = 2C4ACFAF1F9A79F700FFAB59;
			remoteInfo = RigndesignTest;
		};
		2C4ACFD31F9A79F700FFAB59 /* PBXContainerItemProxy */ = {
			isa = PBXContainerItemProxy;
			containerPortal = 2C4ACFA81F9A79F700FFAB59 /* Project object */;
			proxyType = 1;
			remoteGlobalIDString = 2C4ACFAF1F9A79F700FFAB59;
			remoteInfo = RigndesignTest;
		};
/* End PBXContainerItemProxy section */

/* Begin PBXFileReference section */
		2C4ACFB01F9A79F700FFAB59 /* RigndesignTest.app */ = {isa = PBXFileReference; explicitFileType = wrapper.application; includeInIndex = 0; path = RigndesignTest.app; sourceTree = BUILT_PRODUCTS_DIR; };
		2C4ACFB31F9A79F700FFAB59 /* AppDelegate.swift */ = {isa = PBXFileReference; lastKnownFileType = sourcecode.swift; path = AppDelegate.swift; sourceTree = "<group>"; };
		2C4ACFB51F9A79F700FFAB59 /* ViewController.swift */ = {isa = PBXFileReference; lastKnownFileType = sourcecode.swift; path = ViewController.swift; sourceTree = "<group>"; };
		2C4ACFB81F9A79F700FFAB59 /* Base */ = {isa = PBXFileReference; lastKnownFileType = file.storyboard; name = Base; path = Base.lproj/Main.storyboard; sourceTree = "<group>"; };
		2C4ACFBB1F9A79F700FFAB59 /* RigndesignTest.xcdatamodel */ = {isa = PBXFileReference; lastKnownFileType = wrapper.xcdatamodel; path = RigndesignTest.xcdatamodel; sourceTree = "<group>"; };
		2C4ACFBD1F9A79F700FFAB59 /* Assets.xcassets */ = {isa = PBXFileReference; lastKnownFileType = folder.assetcatalog; path = Assets.xcassets; sourceTree = "<group>"; };
		2C4ACFC01F9A79F700FFAB59 /* Base */ = {isa = PBXFileReference; lastKnownFileType = file.storyboard; name = Base; path = Base.lproj/LaunchScreen.storyboard; sourceTree = "<group>"; };
		2C4ACFC21F9A79F700FFAB59 /* Info.plist */ = {isa = PBXFileReference; lastKnownFileType = text.plist.xml; path = Info.plist; sourceTree = "<group>"; };
		2C4ACFC71F9A79F700FFAB59 /* RigndesignTestTests.xctest */ = {isa = PBXFileReference; explicitFileType = wrapper.cfbundle; includeInIndex = 0; path = RigndesignTestTests.xctest; sourceTree = BUILT_PRODUCTS_DIR; };
		2C4ACFCB1F9A79F700FFAB59 /* RigndesignTestTests.swift */ = {isa = PBXFileReference; lastKnownFileType = sourcecode.swift; path = RigndesignTestTests.swift; sourceTree = "<group>"; };
		2C4ACFCD1F9A79F700FFAB59 /* Info.plist */ = {isa = PBXFileReference; lastKnownFileType = text.plist.xml; path = Info.plist; sourceTree = "<group>"; };
		2C4ACFD21F9A79F700FFAB59 /* RigndesignTestUITests.xctest */ = {isa = PBXFileReference; explicitFileType = wrapper.cfbundle; includeInIndex = 0; path = RigndesignTestUITests.xctest; sourceTree = BUILT_PRODUCTS_DIR; };
		2C4ACFD61F9A79F700FFAB59 /* RigndesignTestUITests.swift */ = {isa = PBXFileReference; lastKnownFileType = sourcecode.swift; path = RigndesignTestUITests.swift; sourceTree = "<group>"; };
		2C4ACFD81F9A79F700FFAB59 /* Info.plist */ = {isa = PBXFileReference; lastKnownFileType = text.plist.xml; path = Info.plist; sourceTree = "<group>"; };
/* End PBXFileReference section */

/* Begin PBXFrameworksBuildPhase section */
		2C4ACFAD1F9A79F700FFAB59 /* Frameworks */ = {
			isa = PBXFrameworksBuildPhase;
			buildActionMask = 2147483647;
			files = (
			);
			runOnlyForDeploymentPostprocessing = 0;
		};
		2C4ACFC41F9A79F700FFAB59 /* Frameworks */ = {
			isa = PBXFrameworksBuildPhase;
			buildActionMask = 2147483647;
			files = (
			);
			runOnlyForDeploymentPostprocessing = 0;
		};
		2C4ACFCF1F9A79F700FFAB59 /* Frameworks */ = {
			isa = PBXFrameworksBuildPhase;
			buildActionMask = 2147483647;
			files = (
			);
			runOnlyForDeploymentPostprocessing = 0;
		};
/* End PBXFrameworksBuildPhase section */

/* Begin PBXGroup section */
		2C4ACFA71F9A79F700FFAB59 = {
			isa = PBXGroup;
			children = (
				2C4ACFB21F9A79F700FFAB59 /* RigndesignTest */,
				2C4ACFCA1F9A79F700FFAB59 /* RigndesignTestTests */,
				2C4ACFD51F9A79F700FFAB59 /* RigndesignTestUITests */,
				2C4ACFB11F9A79F700FFAB59 /* Products */,
			);
			sourceTree = "<group>";
		};
		2C4ACFB11F9A79F700FFAB59 /* Products */ = {
			isa = PBXGroup;
			children = (
				2C4ACFB01F9A79F700FFAB59 /* RigndesignTest.app */,
				2C4ACFC71F9A79F700FFAB59 /* RigndesignTestTests.xctest */,
				2C4ACFD21F9A79F700FFAB59 /* RigndesignTestUITests.xctest */,
			);
			name = Products;
			sourceTree = "<group>";
		};
		2C4ACFB21F9A79F700FFAB59 /* RigndesignTest */ = {
			isa = PBXGroup;
			children = (
				2C4ACFB31F9A79F700FFAB59 /* AppDelegate.swift */,
				2C4ACFB51F9A79F700FFAB59 /* ViewController.swift */,
				2C4ACFB71F9A79F700FFAB59 /* Main.storyboard */,
				2C4ACFBD1F9A79F700FFAB59 /* Assets.xcassets */,
				2C4ACFBF1F9A79F700FFAB59 /* LaunchScreen.storyboard */,
				2C4ACFC21F9A79F700FFAB59 /* Info.plist */,
				2C4ACFBA1F9A79F700FFAB59 /* RigndesignTest.xcdatamodeld */,
			);
			path = RigndesignTest;
			sourceTree = "<group>";
		};
		2C4ACFCA1F9A79F700FFAB59 /* RigndesignTestTests */ = {
			isa = PBXGroup;
			children = (
				2C4ACFCB1F9A79F700FFAB59 /* RigndesignTestTests.swift */,
				2C4ACFCD1F9A79F700FFAB59 /* Info.plist */,
			);
			path = RigndesignTestTests;
			sourceTree = "<group>";
		};
		2C4ACFD51F9A79F700FFAB59 /* RigndesignTestUITests */ = {
			isa = PBXGroup;
			children = (
				2C4ACFD61F9A79F700FFAB59 /* RigndesignTestUITests.swift */,
				2C4ACFD81F9A79F700FFAB59 /* Info.plist */,
			);
			path = RigndesignTestUITests;
			sourceTree = "<group>";
		};
/* End PBXGroup section */

/* Begin PBXNativeTarget section */
		2C4ACFAF1F9A79F700FFAB59 /* RigndesignTest */ = {
			isa = PBXNativeTarget;
			buildConfigurationList = 2C4ACFDB1F9A79F700FFAB59 /* Build configuration list for PBXNativeTarget "RigndesignTest" */;
			buildPhases = (
				2C4ACFAC1F9A79F700FFAB59 /* Sources */,
				2C4ACFAD1F9A79F700FFAB59 /* Frameworks */,
				2C4ACFAE1F9A79F700FFAB59 /* Resources */,
			);
			buildRules = (
			);
			dependencies = (
			);
			name = RigndesignTest;
			productName = RigndesignTest;
			productReference = 2C4ACFB01F9A79F700FFAB59 /* RigndesignTest.app */;
			productType = "com.apple.product-type.application";
		};
		2C4ACFC61F9A79F700FFAB59 /* RigndesignTestTests */ = {
			isa = PBXNativeTarget;
			buildConfigurationList = 2C4ACFDE1F9A79F700FFAB59 /* Build configuration list for PBXNativeTarget "RigndesignTestTests" */;
			buildPhases = (
				2C4ACFC31F9A79F700FFAB59 /* Sources */,
				2C4ACFC41F9A79F700FFAB59 /* Frameworks */,
				2C4ACFC51F9A79F700FFAB59 /* Resources */,
			);
			buildRules = (
			);
			dependencies = (
				2C4ACFC91F9A79F700FFAB59 /* PBXTargetDependency */,
			);
			name = RigndesignTestTests;
			productName = RigndesignTestTests;
			productReference = 2C4ACFC71F9A79F700FFAB59 /* RigndesignTestTests.xctest */;
			productType = "com.apple.product-type.bundle.unit-test";
		};
		2C4ACFD11F9A79F700FFAB59 /* RigndesignTestUITests */ = {
			isa = PBXNativeTarget;
			buildConfigurationList = 2C4ACFE11F9A79F700FFAB59 /* Build configuration list for PBXNativeTarget "RigndesignTestUITests" */;
			buildPhases = (
				2C4ACFCE1F9A79F700FFAB59 /* Sources */,
				2C4ACFCF1F9A79F700FFAB59 /* Frameworks */,
				2C4ACFD01F9A79F700FFAB59 /* Resources */,
			);
			buildRules = (
			);
			dependencies = (
				2C4ACFD41F9A79F700FFAB59 /* PBXTargetDependency */,
			);
			name = RigndesignTestUITests;
			productName = RigndesignTestUITests;
			productReference = 2C4ACFD21F9A79F700FFAB59 /* RigndesignTestUITests.xctest */;
			productType = "com.apple.product-type.bundle.ui-testing";
		};
/* End PBXNativeTarget section */

/* Begin PBXProject section */
		2C4ACFA81F9A79F700FFAB59 /* Project object */ = {
			isa = PBXProject;
			attributes = {
				LastSwiftUpdateCheck = 0900;
				LastUpgradeCheck = 0900;
				ORGANIZATIONNAME = "Station Domain";
				TargetAttributes = {
					2C4ACFAF1F9A79F700FFAB59 = {
						CreatedOnToolsVersion = 9.0.1;
						ProvisioningStyle = Automatic;
					};
					2C4ACFC61F9A79F700FFAB59 = {
						CreatedOnToolsVersion = 9.0.1;
						ProvisioningStyle = Automatic;
						TestTargetID = 2C4ACFAF1F9A79F700FFAB59;
					};
					2C4ACFD11F9A79F700FFAB59 = {
						CreatedOnToolsVersion = 9.0.1;
						ProvisioningStyle = Automatic;
						TestTargetID = 2C4ACFAF1F9A79F700FFAB59;
					};
				};
			};
			buildConfigurationList = 2C4ACFAB1F9A79F700FFAB59 /* Build configuration list for PBXProject "RigndesignTest" */;
			compatibilityVersion = "Xcode 8.0";
			developmentRegion = en;
			hasScannedForEncodings = 0;
			knownRegions = (
				en,
				Base,
			);
			mainGroup = 2C4ACFA71F9A79F700FFAB59;
			productRefGroup = 2C4ACFB11F9A79F700FFAB59 /* Products */;
			projectDirPath = "";
			projectRoot = "";
			targets = (
				2C4ACFAF1F9A79F700FFAB59 /* RigndesignTest */,
				2C4ACFC61F9A79F700FFAB59 /* RigndesignTestTests */,
				2C4ACFD11F9A79F700FFAB59 /* RigndesignTestUITests */,
			);
		};
/* End PBXProject section */

/* Begin PBXResourcesBuildPhase section */
		2C4ACFAE1F9A79F700FFAB59 /* Resources */ = {
			isa = PBXResourcesBuildPhase;
			buildActionMask = 2147483647;
			files = (
				2C4ACFC11F9A79F700FFAB59 /* LaunchScreen.storyboard in Resources */,
				2C4ACFBE1F9A79F700FFAB59 /* Assets.xcassets in Resources */,
				2C4ACFB91F9A79F700FFAB59 /* Main.storyboard in Resources */,
			);
			runOnlyForDeploymentPostprocessing = 0;
		};
		2C4ACFC51F9A79F700FFAB59 /* Resources */ = {
			isa = PBXResourcesBuildPhase;
			buildActionMask = 2147483647;
			files = (
			);
			runOnlyForDeploymentPostprocessing = 0;
		};
		2C4ACFD01F9A79F700FFAB59 /* Resources */ = {
			isa = PBXResourcesBuildPhase;
			buildActionMask = 2147483647;
			files = (
			);
			runOnlyForDeploymentPostprocessing = 0;
		};
/* End PBXResourcesBuildPhase section */

/* Begin PBXSourcesBuildPhase section */
		2C4ACFAC1F9A79F700FFAB59 /* Sources */ = {
			isa = PBXSourcesBuildPhase;
			buildActionMask = 2147483647;
			files = (
				2C4ACFBC1F9A79F700FFAB59 /* RigndesignTest.xcdatamodeld in Sources */,
				2C4ACFB61F9A79F700FFAB59 /* ViewController.swift in Sources */,
				2C4ACFB41F9A79F700FFAB59 /* AppDelegate.swift in Sources */,
			);
			runOnlyForDeploymentPostprocessing = 0;
		};
		2C4ACFC31F9A79F700FFAB59 /* Sources */ = {
			isa = PBXSourcesBuildPhase;
			buildActionMask = 2147483647;
			files = (
				2C4ACFCC1F9A79F700FFAB59 /* RigndesignTestTests.swift in Sources */,
			);
			runOnlyForDeploymentPostprocessing = 0;
		};
		2C4ACFCE1F9A79F700FFAB59 /* Sources */ = {
			isa = PBXSourcesBuildPhase;
			buildActionMask = 2147483647;
			files = (
				2C4ACFD71F9A79F700FFAB59 /* RigndesignTestUITests.swift in Sources */,
			);
			runOnlyForDeploymentPostprocessing = 0;
		};
/* End PBXSourcesBuildPhase section */

/* Begin PBXTargetDependency section */
		2C4ACFC91F9A79F700FFAB59 /* PBXTargetDependency */ = {
			isa = PBXTargetDependency;
			target = 2C4ACFAF1F9A79F700FFAB59 /* RigndesignTest */;
			targetProxy = 2C4ACFC81F9A79F700FFAB59 /* PBXContainerItemProxy */;
		};
		2C4ACFD41F9A79F700FFAB59 /* PBXTargetDependency */ = {
			isa = PBXTargetDependency;
			target = 2C4ACFAF1F9A79F700FFAB59 /* RigndesignTest */;
			targetProxy = 2C4ACFD31F9A79F700FFAB59 /* PBXContainerItemProxy */;
		};
/* End PBXTargetDependency section */

/* Begin PBXVariantGroup section */
		2C4ACFB71F9A79F700FFAB59 /* Main.storyboard */ = {
			isa = PBXVariantGroup;
			children = (
				2C4ACFB81F9A79F700FFAB59 /* Base */,
			);
			name = Main.storyboard;
			sourceTree = "<group>";
		};
		2C4ACFBF1F9A79F700FFAB59 /* LaunchScreen.storyboard */ = {
			isa = PBXVariantGroup;
			children = (
				2C4ACFC01F9A79F700FFAB59 /* Base */,
			);
			name = LaunchScreen.storyboard;
			sourceTree = "<group>";
		};
/* End PBXVariantGroup section */

/* Begin XCBuildConfiguration section */
		2C4ACFD91F9A79F700FFAB59 /* Debug */ = {
			isa = XCBuildConfiguration;
			buildSettings = {
				ALWAYS_SEARCH_USER_PATHS = NO;
				CLANG_ANALYZER_NONNULL = YES;
				CLANG_ANALYZER_NUMBER_OBJECT_CONVERSION = YES_AGGRESSIVE;
				CLANG_CXX_LANGUAGE_STANDARD = "gnu++14";
				CLANG_CXX_LIBRARY = "libc++";
				CLANG_ENABLE_MODULES = YES;
				CLANG_ENABLE_OBJC_ARC = YES;
				CLANG_WARN_BLOCK_CAPTURE_AUTORELEASING = YES;
				CLANG_WARN_BOOL_CONVERSION = YES;
				CLANG_WARN_COMMA = YES;
				CLANG_WARN_CONSTANT_CONVERSION = YES;
				CLANG_WARN_DIRECT_OBJC_ISA_USAGE = YES_ERROR;
				CLANG_WARN_DOCUMENTATION_COMMENTS = YES;
				CLANG_WARN_EMPTY_BODY = YES;
				CLANG_WARN_ENUM_CONVERSION = YES;
				CLANG_WARN_INFINITE_RECURSION = YES;
				CLANG_WARN_INT_CONVERSION = YES;
				CLANG_WARN_NON_LITERAL_NULL_CONVERSION = YES;
				CLANG_WARN_OBJC_LITERAL_CONVERSION = YES;
				CLANG_WARN_OBJC_ROOT_CLASS = YES_ERROR;
				CLANG_WARN_RANGE_LOOP_ANALYSIS = YES;
				CLANG_WARN_STRICT_PROTOTYPES = YES;
				CLANG_WARN_SUSPICIOUS_MOVE = YES;
				CLANG_WARN_UNGUARDED_AVAILABILITY = YES_AGGRESSIVE;
				CLANG_WARN_UNREACHABLE_CODE = YES;
				CLANG_WARN__DUPLICATE_METHOD_MATCH = YES;
				CODE_SIGN_IDENTITY = "iPhone Developer";
				COPY_PHASE_STRIP = NO;
				DEBUG_INFORMATION_FORMAT = dwarf;
				ENABLE_STRICT_OBJC_MSGSEND = YES;
				ENABLE_TESTABILITY = YES;
				GCC_C_LANGUAGE_STANDARD = gnu11;
				GCC_DYNAMIC_NO_PIC = NO;
				GCC_NO_COMMON_BLOCKS = YES;
				GCC_OPTIMIZATION_LEVEL = 0;
				GCC_PREPROCESSOR_DEFINITIONS = (
					"DEBUG=1",
					"$(inherited)",
				);
				GCC_WARN_64_TO_32_BIT_CONVERSION = YES;
				GCC_WARN_ABOUT_RETURN_TYPE = YES_ERROR;
				GCC_WARN_UNDECLARED_SELECTOR = YES;
				GCC_WARN_UNINITIALIZED_AUTOS = YES_AGGRESSIVE;
				GCC_WARN_UNUSED_FUNCTION = YES;
				GCC_WARN_UNUSED_VARIABLE = YES;
				IPHONEOS_DEPLOYMENT_TARGET = 11.0;
				MTL_ENABLE_DEBUG_INFO = YES;
				ONLY_ACTIVE_ARCH = YES;
				SDKROOT = iphoneos;
				SWIFT_ACTIVE_COMPILATION_CONDITIONS = DEBUG;
				SWIFT_OPTIMIZATION_LEVEL = "-Onone";
			};
			name = Debug;
		};
		2C4ACFDA1F9A79F700FFAB59 /* Release */ = {
			isa = XCBuildConfiguration;
			buildSettings = {
				ALWAYS_SEARCH_USER_PATHS = NO;
				CLANG_ANALYZER_NONNULL = YES;
				CLANG_ANALYZER_NUMBER_OBJECT_CONVERSION = YES_AGGRESSIVE;
				CLANG_CXX_LANGUAGE_STANDARD = "gnu++14";
				CLANG_CXX_LIBRARY = "libc++";
				CLANG_ENABLE_MODULES = YES;
				CLANG_ENABLE_OBJC_ARC = YES;
				CLANG_WARN_BLOCK_CAPTURE_AUTORELEASING = YES;
				CLANG_WARN_BOOL_CONVERSION = YES;
				CLANG_WARN_COMMA = YES;
				CLANG_WARN_CONSTANT_CONVERSION = YES;
				CLANG_WARN_DIRECT_OBJC_ISA_USAGE = YES_ERROR;
				CLANG_WARN_DOCUMENTATION_COMMENTS = YES;
				CLANG_WARN_EMPTY_BODY = YES;
				CLANG_WARN_ENUM_CONVERSION = YES;
				CLANG_WARN_INFINITE_RECURSION = YES;
				CLANG_WARN_INT_CONVERSION = YES;
				CLANG_WARN_NON_LITERAL_NULL_CONVERSION = YES;
				CLANG_WARN_OBJC_LITERAL_CONVERSION = YES;
				CLANG_WARN_OBJC_ROOT_CLASS = YES_ERROR;
				CLANG_WARN_RANGE_LOOP_ANALYSIS = YES;
				CLANG_WARN_STRICT_PROTOTYPES = YES;
				CLANG_WARN_SUSPICIOUS_MOVE = YES;
				CLANG_WARN_UNGUARDED_AVAILABILITY = YES_AGGRESSIVE;
				CLANG_WARN_UNREACHABLE_CODE = YES;
				CLANG_WARN__DUPLICATE_METHOD_MATCH = YES;
				CODE_SIGN_IDENTITY = "iPhone Developer";
				COPY_PHASE_STRIP = NO;
				DEBUG_INFORMATION_FORMAT = "dwarf-with-dsym";
				ENABLE_NS_ASSERTIONS = NO;
				ENABLE_STRICT_OBJC_MSGSEND = YES;
				GCC_C_LANGUAGE_STANDARD = gnu11;
				GCC_NO_COMMON_BLOCKS = YES;
				GCC_WARN_64_TO_32_BIT_CONVERSION = YES;
				GCC_WARN_ABOUT_RETURN_TYPE = YES_ERROR;
				GCC_WARN_UNDECLARED_SELECTOR = YES;
				GCC_WARN_UNINITIALIZED_AUTOS = YES_AGGRESSIVE;
				GCC_WARN_UNUSED_FUNCTION = YES;
				GCC_WARN_UNUSED_VARIABLE = YES;
				IPHONEOS_DEPLOYMENT_TARGET = 11.0;
				MTL_ENABLE_DEBUG_INFO = NO;
				SDKROOT = iphoneos;
				SWIFT_OPTIMIZATION_LEVEL = "-Owholemodule";
				VALIDATE_PRODUCT = YES;
			};
			name = Release;
		};
		2C4ACFDC1F9A79F700FFAB59 /* Debug */ = {
			isa = XCBuildConfiguration;
			buildSettings = {
				ASSETCATALOG_COMPILER_APPICON_NAME = AppIcon;
				CODE_SIGN_STYLE = Automatic;
				INFOPLIST_FILE = RigndesignTest/Info.plist;
				LD_RUNPATH_SEARCH_PATHS = "$(inherited) @executable_path/Frameworks";
				PRODUCT_BUNDLE_IDENTIFIER = stationdomain.RigndesignTest;
				PRODUCT_NAME = "$(TARGET_NAME)";
				SWIFT_VERSION = 4.0;
				TARGETED_DEVICE_FAMILY = "1,2";
			};
			name = Debug;
		};
		2C4ACFDD1F9A79F700FFAB59 /* Release */ = {
			isa = XCBuildConfiguration;
			buildSettings = {
				ASSETCATALOG_COMPILER_APPICON_NAME = AppIcon;
				CODE_SIGN_STYLE = Automatic;
				INFOPLIST_FILE = RigndesignTest/Info.plist;
				LD_RUNPATH_SEARCH_PATHS = "$(inherited) @executable_path/Frameworks";
				PRODUCT_BUNDLE_IDENTIFIER = stationdomain.RigndesignTest;
				PRODUCT_NAME = "$(TARGET_NAME)";
				SWIFT_VERSION = 4.0;
				TARGETED_DEVICE_FAMILY = "1,2";
			};
			name = Release;
		};
		2C4ACFDF1F9A79F700FFAB59 /* Debug */ = {
			isa = XCBuildConfiguration;
			buildSettings = {
				ALWAYS_EMBED_SWIFT_STANDARD_LIBRARIES = YES;
				BUNDLE_LOADER = "$(TEST_HOST)";
				CODE_SIGN_STYLE = Automatic;
				INFOPLIST_FILE = RigndesignTestTests/Info.plist;
				LD_RUNPATH_SEARCH_PATHS = "$(inherited) @executable_path/Frameworks @loader_path/Frameworks";
				PRODUCT_BUNDLE_IDENTIFIER = stationdomain.RigndesignTestTests;
				PRODUCT_NAME = "$(TARGET_NAME)";
				SWIFT_VERSION = 4.0;
				TARGETED_DEVICE_FAMILY = "1,2";
				TEST_HOST = "$(BUILT_PRODUCTS_DIR)/RigndesignTest.app/RigndesignTest";
			};
			name = Debug;
		};
		2C4ACFE01F9A79F700FFAB59 /* Release */ = {
			isa = XCBuildConfiguration;
			buildSettings = {
				ALWAYS_EMBED_SWIFT_STANDARD_LIBRARIES = YES;
				BUNDLE_LOADER = "$(TEST_HOST)";
				CODE_SIGN_STYLE = Automatic;
				INFOPLIST_FILE = RigndesignTestTests/Info.plist;
				LD_RUNPATH_SEARCH_PATHS = "$(inherited) @executable_path/Frameworks @loader_path/Frameworks";
				PRODUCT_BUNDLE_IDENTIFIER = stationdomain.RigndesignTestTests;
				PRODUCT_NAME = "$(TARGET_NAME)";
				SWIFT_VERSION = 4.0;
				TARGETED_DEVICE_FAMILY = "1,2";
				TEST_HOST = "$(BUILT_PRODUCTS_DIR)/RigndesignTest.app/RigndesignTest";
			};
			name = Release;
		};
		2C4ACFE21F9A79F700FFAB59 /* Debug */ = {
			isa = XCBuildConfiguration;
			buildSettings = {
				ALWAYS_EMBED_SWIFT_STANDARD_LIBRARIES = YES;
				CODE_SIGN_STYLE = Automatic;
				INFOPLIST_FILE = RigndesignTestUITests/Info.plist;
				LD_RUNPATH_SEARCH_PATHS = "$(inherited) @executable_path/Frameworks @loader_path/Frameworks";
				PRODUCT_BUNDLE_IDENTIFIER = stationdomain.RigndesignTestUITests;
				PRODUCT_NAME = "$(TARGET_NAME)";
				SWIFT_VERSION = 4.0;
				TARGETED_DEVICE_FAMILY = "1,2";
				TEST_TARGET_NAME = RigndesignTest;
			};
			name = Debug;
		};
		2C4ACFE31F9A79F700FFAB59 /* Release */ = {
			isa = XCBuildConfiguration;
			buildSettings = {
				ALWAYS_EMBED_SWIFT_STANDARD_LIBRARIES = YES;
				CODE_SIGN_STYLE = Automatic;
				INFOPLIST_FILE = RigndesignTestUITests/Info.plist;
				LD_RUNPATH_SEARCH_PATHS = "$(inherited) @executable_path/Frameworks @loader_path/Frameworks";
				PRODUCT_BUNDLE_IDENTIFIER = stationdomain.RigndesignTestUITests;
				PRODUCT_NAME = "$(TARGET_NAME)";
				SWIFT_VERSION = 4.0;
				TARGETED_DEVICE_FAMILY = "1,2";
				TEST_TARGET_NAME = RigndesignTest;
			};
			name = Release;
		};
/* End XCBuildConfiguration section */

/* Begin XCConfigurationList section */
		2C4ACFAB1F9A79F700FFAB59 /* Build configuration list for PBXProject "RigndesignTest" */ = {
			isa = XCConfigurationList;
			buildConfigurations = (
				2C4ACFD91F9A79F700FFAB59 /* Debug */,
				2C4ACFDA1F9A79F700FFAB59 /* Release */,
			);
			defaultConfigurationIsVisible = 0;
			defaultConfigurationName = Release;
		};
		2C4ACFDB1F9A79F700FFAB59 /* Build configuration list for PBXNativeTarget "RigndesignTest" */ = {
			isa = XCConfigurationList;
			buildConfigurations = (
				2C4ACFDC1F9A79F700FFAB59 /* Debug */,
				2C4ACFDD1F9A79F700FFAB59 /* Release */,
			);
			defaultConfigurationIsVisible = 0;
			defaultConfigurationName = Release;
		};
		2C4ACFDE1F9A79F700FFAB59 /* Build configuration list for PBXNativeTarget "RigndesignTestTests" */ = {
			isa = XCConfigurationList;
			buildConfigurations = (
				2C4ACFDF1F9A79F700FFAB59 /* Debug */,
				2C4ACFE01F9A79F700FFAB59 /* Release */,
			);
			defaultConfigurationIsVisible = 0;
			defaultConfigurationName = Release;
		};
		2C4ACFE11F9A79F700FFAB59 /* Build configuration list for PBXNativeTarget "RigndesignTestUITests" */ = {
			isa = XCConfigurationList;
			buildConfigurations = (
				2C4ACFE21F9A79F700FFAB59 /* Debug */,
				2C4ACFE31F9A79F700FFAB59 /* Release */,
			);
			defaultConfigurationIsVisible = 0;
			defaultConfigurationName = Release;
		};
/* End XCConfigurationList section */

/* Begin XCVersionGroup section */
		2C4ACFBA1F9A79F700FFAB59 /* RigndesignTest.xcdatamodeld */ = {
			isa = XCVersionGroup;
			children = (
				2C4ACFBB1F9A79F700FFAB59 /* RigndesignTest.xcdatamodel */,
			);
			currentVersion = 2C4ACFBB1F9A79F700FFAB59 /* RigndesignTest.xcdatamodel */;
			path = RigndesignTest.xcdatamodeld;
			sourceTree = "<group>";
			versionGroupType = wrapper.xcdatamodel;
		};
/* End XCVersionGroup section */
	};
	rootObject = 2C4ACFA81F9A79F700FFAB59 /* Project object */;
}
